github.com/bwmarrin/dgvoice v0.0.0-20210225172318-caaac756e02e h1:IdfGDWLNL/ZAHda33oiKnkoaWWsQ6vyO+MDslrcJ43M=
github.com/bwmarrin/dgvoice v0.0.0-20210225172318-caaac756e02e/go.mod h1:DT3heoMAQGrOExZ3Rb3TBOQ4Bm+wD4H48KFnt1YfLoQ=
github.com/bwmarrin/discordgo v0.23.2 h1:BzrtTktixGHIu9Tt7dEE6diysEF9HWnXeHuoJEt2fH4=
github.com/bwmarrin/discordgo v0.23.2/go.mod h1:c1WtWUGN6nREDmzIpyTp/iD3VYt4Fpx+bVyfBG7JE+M=
github.com/davecgh/go-spew v1.1.0/go.mod h1:J7Y8YcW2NihsgmVo/mv3lAwl/skON4iLHjSsI+c5H38=
github.com/davecgh/go-spew v1.1.1/go.mod h1:J7Y8YcW2NihsgmVo/mv3lAwl/skON4iLHjSsI+c5H38=
github.com/gorilla/websocket v1.4.0 h1:WDFjx/TMzVgy9VdMMQi2K2Emtwi2QcUQsztZ/zLaH/Q=
github.com/gorilla/websocket v1.4.0/go.mod h1:E7qHFY5m1UJ88s3WnNqhKjPHQ0heANvMoAMk2YaljkQ=
github.com/hraban/opus v0.0.0-20211030232353-1a9beeaf0764 h1:T6yJ7dbu29YdxQOx5JEj2ViZB/Yy0Meo4FMaZaji3LA=
github.com/hraban/opus v0.0.0-20211030232353-1a9beeaf0764/go.mod h1:YQQXrWHN3JEvCtw5ImyTCcPeU/ZLo/YMA+TpB64XdrU=
github.com/inconshreveable/mousetrap v1.0.0 h1:Z8tu5sraLXCXIcARxBp/8cbvlwVa7Z1NHg9XEKhtSvM=
github.com/inconshreveable/mousetrap v1.0.0/go.mod h1:PxqpIevigyE2G7u3NXJIT2ANytuPF1OarO4DADm73n8=
github.com/klauspost/compress v1.10.4 h1:jFzIFaf586tquEB5EhzQG0HwGNSlgAJpG53G6Ss11wc=
github.com/klauspost/compress v1.10.4/go.mod h1:aoV0uJVorq1K+umq18yTdKaF57EivdYsUV+/s2qKfXs=
github.com/knadh/go-get-youtube v0.0.0-20191105144436-94a3fa9fdab3 h1:fOcmyqzEt3+twVJy/vCM5dfzvyzrjoySQsmtn8Hy4oQ=
github.com/knadh/go-get-youtube v0.0.0-20191105144436-94a3fa9fdab3/go.mod h1:aAnZN7Jo4aUTKaZcdXsGyaOlPYTumCYE6SE9uR6ybVU=
github.com/lithdew/bytesutil v0.0.0-20200409052507-d98389230a59 h1:CQpoOQecHxhvgOU/ijue/yWuShZYDtNpI9bsD4Dkzrk=
github.com/lithdew/bytesutil v0.0.0-20200409052507-d98389230a59/go.mod h1:89JlULMIJ/+YWzAp5aHXgAD2d02S2mY+a+PMgXDtoNs=
github.com/lithdew/nicehttp v0.0.0-20200422123956-0d3d3dd9b482 h1:zh+0lJQ0nF+5Fv1+qVCn7YAukzCvpnWLF4mXCtUPTLo=
github.com/lithdew/nicehttp v0.0.0-20200422123956-0d3d3dd9b482/go.mod h1:Mo+cHgR+hYunqlEUQtLblT9l6F1PX54Zcr/AGQsy1u4=
github.com/lithdew/youtube v0.0.0-20200524132213-a1fd5d688f8a h1:iArvv5kE4agZCrD3gS3IanGdQIkcgDLgOzEte+NXJ0c=
github.com/lithdew/youtube v0.0.0-20200524132213-a1fd5d688f8a/go.mod h1:qeGQwbNuh0V2gpOl5ca/nEBs80m1Zhs8ukOJXchSFqQ=
github.com/nareix/joy4 v0.0.0-20200507095837-05a4ffbb5369 h1:Yp0zFEufLz0H7jzffb4UPXijavlyqlYeOg7dcyVUNnQ=
github.com/nareix/joy4 v0.0.0-20200507095837-05a4ffbb5369/go.mod h1:aFJ1ZwLjvHN4yEzE5Bkz8rD8/d8Vlj3UIuvz2yfET7I=
github.com/nareix/joy5 v0.0.0-20210317075623-2c912ca30590 h1:PnxRU8L8Y2q82vFC2QdNw23Dm2u6WrjecIdpXjiYbXM=
github.com/nareix/joy5 v0.0.0-20210317075623-2c912ca30590/go.mod h1:XmAOs6UJXpNXRwKk+KY/nv5kL6xXYXyellk+A1pTlko=
github.com/oleiade/lane v1.0.1 h1:hXofkn7GEOubzTwNpeL9MaNy8WxolCYb9cInAIeqShU=
github.com/oleiade/lane v1.0.1/go.mod h1:IyTkraa4maLfjq/GmHR+Dxb4kCMtEGeb+qmhlrQ5Mk4=
github.com/pmezard/go-difflib v1.0.0/go.mod h1:iKH77koFhYxTK1pcRnkKkqfTogsbg7gZNVY4sRDYZ/4=
github.com/spf13/cobra v0.0.4-0.20190109003409-7547e83b2d85 h1:RghwryY75x76zKqO9v7NF+9lcmfW1/RNZBfqK4LSCKE=
github.com/spf13/cobra v0.0.4-0.20190109003409-7547e83b2d85/go.mod h1:1l0Ry5zgKvJasoi3XT1TypsSe7PqH0Sj9dhYf7v3XqQ=
github.com/spf13/pflag v1.0.4-0.20181223182923-24fa6976df40 h1:2gwxRRQ5I+FcDbxGtkIC9kWD7EFBewHjQqD8rDQAVQA=
github.com/spf13/pflag v1.0.4-0.20181223182923-24fa6976df40/go.mod h1:DYY7MBk1bdzusC3SYhjObp+wFpr4gzcvqqNjLnInEg4=
github.com/stretchr/objx v0.1.0/go.mod h1:HFkY916IF+rwdDfMAkV7OtwuqBVzrE8GR6GFx+wExME=
github.com/stretchr/testify v1.5.1/go.mod h1:5W2xD1RspED5o8YsWQXVCued0rvSQ+mT+I5cxcmMvtA=
github.com/valyala/bytebufferpool v1.0.0 h1:GqA5TC/0021Y/b9FG4Oi9Mr3q7XYx6KllzawFIhcdPw=
github.com/valyala/bytebufferpool v1.0.0/go.mod h1:6bBcMArwyJ5K/AmCkWv1jt77kVWyCJ6HpOuEn7z0Csc=
github.com/valyala/fasthttp v1.12.0 h1:TsB9qkSeiMXB40ELWWSRMjlsE+8IkqXHcs01y2d9aw0=
github.com/valyala/fasthttp v1.12.0/go.mod h1:229t1eWu9UXTPmoUkbpN/fctKPBY4IJoFXQnxHGXy6E=
github.com/valyala/fastjson v1.5.0 h1:DGrb4wEYso2HdGLyLmNoyNCQnCWfjd8yhghPv5/5YQg=
github.com/valyala/fastjson v1.5.0/go.mod h1:CLCAqky6SMuOcxStkYQvblddUtoRxhYMGLrsQns1aXY=
github.com/valyala/tcplisten v0.0.0-20161114210144-ceec8f93295a/go.mod h1:v3UYOV9WzVtRmSR+PDvWpU/qWl4Wa5LApYYX4ZtKbio=
golang.org/x/crypto v0.0.0-20181030102418-4d3f4d9ffa16 h1:y6ce7gCWtnH+m3dCjzQ1PCuwl28DDIc3VNnvY29DlIA=
golang.org/x/crypto v0.0.0-20181030102418-4d3f4d9ffa16/go.mod h1:6SG95UA2DQfeDnfUPMdvaQW0Q7yPrPDi9nlGo2tz2b4=
golang.org/x/crypto v0.0.0-20190308221718-c2843e01d9a2 h1:VklqNMn3ovrHsnt90PveolxSbWFaJdECFbxSq0Mqo2M=
golang.org/x/crypto v0.0.0-20190308221718-c2843e01d9a2/go.mod h1:djNgcEr1/C05ACkg1iLfiJU5Ep61QUkGW8qpdssI0+w=
golang.org/x/net v0.0.0-20190522155817-f3200d17e092/go.mod h1:HSz+uSET+XFnRR8LxR5pz3Of3rY3CfYBVs4xY44aLks=
golang.org/x/net v0.0.0-20200324143707-d3edc9973b7e/go.mod h1:qpuaurCH72eLCgpAm/N6yyVIVM9cpaDIP3A8BGJEC5A=
golang.org/x/sync v0.0.0-20200317015054-43a5402ce75a h1:WXEvlFVvvGxCJLG6REjsT03iWnKLEWinaScsxF2Vm2o=
golang.org/x/sync v0.0.0-20200317015054-43a5402ce75a/go.mod h1:RxMgew5VJxzue5/jJTE5uejpjVlOe/izrB70Jof72aM=
golang.org/x/sys v0.0.0-20190215142949-d0b11bdaac8a/go.mod h1:STP8DvDyc/dI5b8T5hshtkjS+E42TnysNCUPdjciGhY=
golang.org/x/sys v0.0.0-20200323222414-85ca7c5b95cd h1:xhmwyvizuTgC2qz7ZlMluP20uW+C3Rm0FD/WLDX8884=
golang.org/x/sys v0.0.0-20200323222414-85ca7c5b95cd/go.mod h1:h1NjWce9XRLGQEsW7wpKNCjG9DtNlClVuFLEZdDNbEs=
golang.org/x/text v0.3.0/go.mod h1:NqM8EUOU14njkJ3fqMW+pc6Ldnwhi/IjpwHt7yyuwOQ=
gopkg.in/check.v1 v0.0.0-20161208181325-20d25e280405/go.mod h1:Co6ibVJAznAaIkqp8huTwlJQCZ016jof/cbN4VW5Yz0=
gopkg.in/yaml.v2 v2.2.2/go.mod h1:hI93XBmqTisBFMUTm0b8Fm+jr3Dg1NNxqwp+5A1VGuI=
layeh.com/gopus v0.0.0-20210501142526-1ee02d434e32 h1:/S1gOotFo2sADAIdSGk1sDq1VxetoCWr6f5nxOG0dpY=
layeh.com/gopus v0.0.0-20210501142526-1ee02d434e32/go.mod h1:yDtyzWZDFCVnva8NGtg38eH2Ns4J0D/6hD+MMeUGdF0=
